<?xml version="1.0" encoding="utf-8"?>
<Project ToolsVersion="4.0" xmlns="http://schemas.microsoft.com/developer/msbuild/2003">
  <ItemGroup>
    <Filter Include="Source Files">
      <UniqueIdentifier>{4FC737F1-C7A5-4376-A066-2A32D752A2FF}</UniqueIdentifier>
      <Extensions>cpp;c;cc;cxx;def;odl;idl;hpj;bat;asm;asmx</Extensions>
    </Filter>
    <Filter Include="Header Files">
      <UniqueIdentifier>{93995380-89BD-4b04-88EB-625FBE52EBFB}</UniqueIdentifier>
      <Extensions>h;hpp;hxx;hm;inl;inc;xsd</Extensions>
    </Filter>
    <Filter Include="Resource Files">
      <UniqueIdentifier>{67DA6AB6-F800-4c08-8B7A-83BB121AAD01}</UniqueIdentifier>
      <Extensions>rc;ico;cur;bmp;dlg;rc2;rct;bin;rgs;gif;jpg;jpeg;jpe;resx;tiff;tif;png;wav</Extensions>
    </Filter>
  </ItemGroup>
  <ItemGroup>
    <ClCompile Include="AssemblyInfo.cpp">
      <Filter>Source Files</Filter>
    </ClCompile>
    <ClCompile Include="attaque.cpp">
      <Filter>Source Files</Filter>
    </ClCompile>
    <ClCompile Include="board.cpp">
      <Filter>Source Files</Filter>
    </ClCompile>
    <ClCompile Include="book.cpp">
      <Filter>Source Files</Filter>
    </ClCompile>
    <ClCompile Include="chargeur.cpp">
      <Filter>Source Files</Filter>
    </ClCompile>
    <ClCompile Include="chess.cpp">
      <Filter>Source Files</Filter>
    </ClCompile>
    <ClCompile Include="debug.cpp">
      <Filter>Source Files</Filter>
    </ClCompile>
    <ClCompile Include="edit.cpp">
      <Filter>Source Files</Filter>
    </ClCompile>
    <ClCompile Include="engine.cpp">
      <Filter>Source Files</Filter>
    </ClCompile>
    <ClCompile Include="entree.cpp">
      <Filter>Source Files</Filter>
    </ClCompile>
    <ClCompile Include="eval.cpp">
      <Filter>Source Files</Filter>
    </ClCompile>
    <ClCompile Include="genmove.cpp">
      <Filter>Source Files</Filter>
    </ClCompile>
    <ClCompile Include="hung.cpp">
      <Filter>Source Files</Filter>
    </ClCompile>
    <ClCompile Include="init.cpp">
      <Filter>Source Files</Filter>
    </ClCompile>
    <ClCompile Include="iteration.cpp">
      <Filter>Source Files</Filter>
    </ClCompile>
    <ClCompile Include="journal.cpp">
      <Filter>Source Files</Filter>
    </ClCompile>
    <ClCompile Include="make.cpp">
      <Filter>Source Files</Filter>
    </ClCompile>
    <ClCompile Include="Monik.cpp">
      <Filter>Source Files</Filter>
    </ClCompile>
    <ClCompile Include="next.cpp">
      <Filter>Source Files</Filter>
    </ClCompile>
    <ClCompile Include="nextracine.cpp">
      <Filter>Source Files</Filter>
    </ClCompile>
    <ClCompile Include="quies.cpp">
      <Filter>Source Files</Filter>
    </ClCompile>
    <ClCompile Include="racine.cpp">
      <Filter>Source Files</Filter>
    </ClCompile>
    <ClCompile Include="repetition.cpp">
      <Filter>Source Files</Filter>
    </ClCompile>
    <ClCompile Include="search.cpp">
      <Filter>Source Files</Filter>
    </ClCompile>
    <ClCompile Include="sortie.cpp">
      <Filter>Source Files</Filter>
    </ClCompile>
    <ClCompile Include="stdafx.cpp">
      <Filter>Source Files</Filter>
    </ClCompile>
    <ClCompile Include="system.cpp">
      <Filter>Source Files</Filter>
    </ClCompile>
    <ClCompile Include="time.cpp">
      <Filter>Source Files</Filter>
    </ClCompile>
    <ClCompile Include="transposition.cpp">
      <Filter>Source Files</Filter>
    </ClCompile>
    <ClCompile Include="unmake.cpp">
      <Filter>Source Files</Filter>
    </ClCompile>
    <ClCompile Include="utile.cpp">
      <Filter>Source Files</Filter>
    </ClCompile>
    <ClCompile Include="valide.cpp">
      <Filter>Source Files</Filter>
    </ClCompile>
    <ClCompile Include="test.cpp">
      <Filter>Source Files</Filter>
    </ClCompile>
  </ItemGroup>
  <ItemGroup>
    <ClInclude Include="attaque.h">
      <Filter>Header Files</Filter>
    </ClInclude>
    <ClInclude Include="board.h">
      <Filter>Header Files</Filter>
    </ClInclude>
    <ClInclude Include="book.h">
      <Filter>Header Files</Filter>
    </ClInclude>
    <ClInclude Include="chargeur.h">
      <Filter>Header Files</Filter>
    </ClInclude>
    <ClInclude Include="chess.h">
      <Filter>Header Files</Filter>
    </ClInclude>
    <ClInclude Include="debug.h">
      <Filter>Header Files</Filter>
    </ClInclude>
    <ClInclude Include="edit.h">
      <Filter>Header Files</Filter>
    </ClInclude>
    <ClInclude Include="engine.h">
      <Filter>Header Files</Filter>
    </ClInclude>
    <ClInclude Include="entree.h">
      <Filter>Header Files</Filter>
    </ClInclude>
    <ClInclude Include="eval.h">
      <Filter>Header Files</Filter>
    </ClInclude>
    <ClInclude Include="genmove.h">
      <Filter>Header Files</Filter>
    </ClInclude>
    <ClInclude Include="hung.h">
      <Filter>Header Files</Filter>
    </ClInclude>
    <ClInclude Include="init.h">
      <Filter>Header Files</Filter>
    </ClInclude>
    <ClInclude Include="iteration.h">
      <Filter>Header Files</Filter>
    </ClInclude>
    <ClInclude Include="journal.h">
      <Filter>Header Files</Filter>
    </ClInclude>
    <ClInclude Include="make.h">
      <Filter>Header Files</Filter>
    </ClInclude>
    <ClInclude Include="next.h">
      <Filter>Header Files</Filter>
    </ClInclude>
    <ClInclude Include="nextracine.h">
      <Filter>Header Files</Filter>
    </ClInclude>
    <ClInclude Include="quies.h">
      <Filter>Header Files</Filter>
    </ClInclude>
    <ClInclude Include="racine.h">
      <Filter>Header Files</Filter>
    </ClInclude>
    <ClInclude Include="repetition.h">
      <Filter>Header Files</Filter>
    </ClInclude>
    <ClInclude Include="resource.h">
      <Filter>Header Files</Filter>
    </ClInclude>
    <ClInclude Include="search.h">
      <Filter>Header Files</Filter>
    </ClInclude>
    <ClInclude Include="sortie.h">
      <Filter>Header Files</Filter>
    </ClInclude>
    <ClInclude Include="stdafx.h">
      <Filter>Header Files</Filter>
    </ClInclude>
    <ClInclude Include="system.h">
      <Filter>Header Files</Filter>
    </ClInclude>
    <ClInclude Include="time.h">
      <Filter>Header Files</Filter>
    </ClInclude>
    <ClInclude Include="transposition.h">
      <Filter>Header Files</Filter>
    </ClInclude>
    <ClInclude Include="unmake.h">
      <Filter>Header Files</Filter>
    </ClInclude>
    <ClInclude Include="utile.h">
      <Filter>Header Files</Filter>
    </ClInclude>
    <ClInclude Include="valide.h">
      <Filter>Header Files</Filter>
    </ClInclude>
  </ItemGroup>
  <ItemGroup>
    <None Include="app.ico">
      <Filter>Resource Files</Filter>
    </None>
    <None Include="ReadMe.txt" />
  </ItemGroup>
  <ItemGroup>
    <ResourceCompile Include="app.rc">
      <Filter>Resource Files</Filter>
    </ResourceCompile>
  </ItemGroup>
</Project>