
Microsoft Visual Studio Solution File, Format Version 11.00
# Visual C++ Express 2010
Project("{8BC9CEB8-8B4A-11D0-8D11-00A0C91BC942}") = "Monik", "Monik.vcxproj", "{65CD775F-A8B3-45AE-981E-BB60C1B5EC90}"
EndProject
Global
	GlobalSection(SolutionConfigurationPlatforms) = preSolution
		Debug|Win32 = Debug|Win32
		Release|Win32 = Release|Win32
	EndGlobalSection
	GlobalSection(ProjectConfigurationPlatforms) = postSolution
		{65CD775F-A8B3-45AE-981E-BB60C1B5EC90}.Debug|Win32.ActiveCfg = Debug|Win32
		{65CD775F-A8B3-45AE-981E-BB60C1B5EC90}.Debug|Win32.Build.0 = Debug|Win32
		{65CD775F-A8B3-45AE-981E-BB60C1B5EC90}.Release|Win32.ActiveCfg = Release|Win32
		{65CD775F-A8B3-45AE-981E-BB60C1B5EC90}.Release|Win32.Build.0 = Release|Win32
	EndGlobalSection
	GlobalSection(SolutionProperties) = preSolution
		HideSolutionNode = FALSE
	EndGlobalSection
EndGlobal
